
Microsoft Visual Studio Solution File, Format Version 12.00
# Visual Studio Version 17
VisualStudioVersion = 17.8.34525.116
MinimumVisualStudioVersion = 10.0.40219.1
Project("{888888A0-9F3D-457C-B088-3A5042F75D52}") = "task4", "task4.pyproj", "{44FCEA8B-7243-4868-8E68-6F4BB93DA568}"
EndProject
Global
	GlobalSection(SolutionConfigurationPlatforms) = preSolution
		Debug|Any CPU = Debug|Any CPU
		Release|Any CPU = Release|Any CPU
	EndGlobalSection
	GlobalSection(ProjectConfigurationPlatforms) = postSolution
		{44FCEA8B-7243-4868-8E68-6F4BB93DA568}.Debug|Any CPU.ActiveCfg = Debug|Any CPU
		{44FCEA8B-7243-4868-8E68-6F4BB93DA568}.Release|Any CPU.ActiveCfg = Release|Any CPU
	EndGlobalSection
	GlobalSection(SolutionProperties) = preSolution
		HideSolutionNode = FALSE
	EndGlobalSection
	GlobalSection(ExtensibilityGlobals) = postSolution
		SolutionGuid = {13F5FE7E-A21A-4F16-A07F-62796B38A9B5}
	EndGlobalSection
EndGlobal
